{
  "name": "webpack-build-lib",
  "version": "1.0.0",
  "lockfileVersion": 1,
  "requires": true,
  "dependencies": {
    "@babel/runtime": {
      "version": "7.12.5",
      "resolved": "https://registry.npm.taobao.org/@babel/runtime/download/@babel/runtime-7.12.5.tgz?cache=0&sync_timestamp=1604441104026&other_urls=https%3A%2F%2Fregistry.npm.taobao.org%2F%40babel%2Fruntime%2Fdownload%2F%40babel%2Fruntime-7.12.5.tgz",
      "integrity": "sha1-QQ5+SHRB4bNgwpvnFdhw2bmFiC4=",
      "requires": {
        "regenerator-runtime": "^0.13.4"
      }
    },
    "@babel/runtime-corejs3": {
      "version": "7.12.5",
      "resolved": "https://registry.npm.taobao.org/@babel/runtime-corejs3/download/@babel/runtime-corejs3-7.12.5.tgz?cache=0&sync_timestamp=1604441241021&other_urls=https%3A%2F%2Fregistry.npm.taobao.org%2F%40babel%2Fruntime-corejs3%2Fdownload%2F%40babel%2Fruntime-corejs3-7.12.5.tgz",
      "integrity": "sha1-/+6R2g60xtrggHdOlLpgY2jkFPQ=",
      "requires": {
        "core-js-pure": "^3.0.0",
        "regenerator-runtime": "^0.13.4"
      }
    },
    "aria-query": {
      "version": "4.2.2",
      "resolved": "https://registry.npm.taobao.org/aria-query/download/aria-query-4.2.2.tgz?cache=0&other_urls=https%3A%2F%2Fregistry.npm.taobao.org%2Faria-query%2Fdownload%2Faria-query-4.2.2.tgz",
      "integrity": "sha1-DSymyazrVriXfp/tau1+FbvS+Ds=",
      "requires": {
        "@babel/runtime": "^7.10.2",
        "@babel/runtime-corejs3": "^7.10.2"
      }
    },
    "array-includes": {
      "version": "3.1.2",
      "resolved": "https://registry.npm.taobao.org/array-includes/download/array-includes-3.1.2.tgz?cache=0&sync_timestamp=1606263183022&other_urls=https%3A%2F%2Fregistry.npm.taobao.org%2Farray-includes%2Fdownload%2Farray-includes-3.1.2.tgz",
      "integrity": "sha1-qNsD4LiMjGrt3EnLEy+byrTr+cg=",
      "requires": {
        "call-bind": "^1.0.0",
        "define-properties": "^1.1.3",
        "es-abstract": "^1.18.0-next.1",
        "get-intrinsic": "^1.0.1",
        "is-string": "^1.0.5"
      }
    },
    "array.prototype.flatmap": {
      "version": "1.2.4",
      "resolved": "https://registry.npm.taobao.org/array.prototype.flatmap/download/array.prototype.flatmap-1.2.4.tgz?cache=0&sync_timestamp=1605694574440&other_urls=https%3A%2F%2Fregistry.npm.taobao.org%2Farray.prototype.flatmap%2Fdownload%2Farray.prototype.flatmap-1.2.4.tgz",
      "integrity": "sha1-lM/UfMFVbsB0fZf3x3OMWBIgBMk=",
      "requires": {
        "call-bind": "^1.0.0",
        "define-properties": "^1.1.3",
        "es-abstract": "^1.18.0-next.1",
        "function-bind": "^1.1.1"
      }
    },
    "ast-types-flow": {
      "version": "0.0.7",
      "resolved": "https://registry.npm.taobao.org/ast-types-flow/download/ast-types-flow-0.0.7.tgz",
      "integrity": "sha1-9wtzXGvKGlycItmCw+Oef+ujva0="
    },
    "axe-core": {
      "version": "4.1.1",
      "resolved": "https://registry.npm.taobao.org/axe-core/download/axe-core-4.1.1.tgz?cache=0&sync_timestamp=1606323311388&other_urls=https%3A%2F%2Fregistry.npm.taobao.org%2Faxe-core%2Fdownload%2Faxe-core-4.1.1.tgz",
      "integrity": "sha1-cKeFWIjih/et1mACIRpCOTcGPq8="
    },
    "axobject-query": {
      "version": "2.2.0",
      "resolved": "https://registry.npm.taobao.org/axobject-query/download/axobject-query-2.2.0.tgz?cache=0&sync_timestamp=1592784839824&other_urls=https%3A%2F%2Fregistry.npm.taobao.org%2Faxobject-query%2Fdownload%2Faxobject-query-2.2.0.tgz",
      "integrity": "sha1-lD1H4QwLcEqkInXiDt83ImSJib4="
    },
    "call-bind": {
      "version": "1.0.0",
      "resolved": "https://registry.npm.taobao.org/call-bind/download/call-bind-1.0.0.tgz?cache=0&sync_timestamp=1604117008862&other_urls=https%3A%2F%2Fregistry.npm.taobao.org%2Fcall-bind%2Fdownload%2Fcall-bind-1.0.0.tgz",
      "integrity": "sha1-JBJwVLs/m9y0sfuCQYGGBy93uM4=",
      "requires": {
        "function-bind": "^1.1.1",
        "get-intrinsic": "^1.0.0"
      }
    },
    "core-js-pure": {
      "version": "3.8.0",
      "resolved": "https://registry.npm.taobao.org/core-js-pure/download/core-js-pure-3.8.0.tgz?cache=0&sync_timestamp=1606327019455&other_urls=https%3A%2F%2Fregistry.npm.taobao.org%2Fcore-js-pure%2Fdownload%2Fcore-js-pure-3.8.0.tgz",
      "integrity": "sha1-TN0uyjfUnNoga2biYgSBjbp3iEo="
    },
    "damerau-levenshtein": {
      "version": "1.0.6",
      "resolved": "https://registry.npm.taobao.org/damerau-levenshtein/download/damerau-levenshtein-1.0.6.tgz",
      "integrity": "sha1-FDwWQcs9hcYMMjKeJoma3qhwF5E="
    },
    "define-properties": {
      "version": "1.1.3",
      "resolved": "https://registry.npm.taobao.org/define-properties/download/define-properties-1.1.3.tgz",
      "integrity": "sha1-z4jabL7ib+bbcJT2HYcMvYTO6fE=",
      "requires": {
        "object-keys": "^1.0.12"
      }
    },
    "doctrine": {
      "version": "2.1.0",
      "resolved": "https://registry.npm.taobao.org/doctrine/download/doctrine-2.1.0.tgz",
      "integrity": "sha1-XNAfwQFiG0LEzX9dGmYkNxbT850=",
      "requires": {
        "esutils": "^2.0.2"
      }
    },
    "emoji-regex": {
      "version": "9.2.0",
      "resolved": "https://registry.npm.taobao.org/emoji-regex/download/emoji-regex-9.2.0.tgz?cache=0&sync_timestamp=1603212263242&other_urls=https%3A%2F%2Fregistry.npm.taobao.org%2Femoji-regex%2Fdownload%2Femoji-regex-9.2.0.tgz",
      "integrity": "sha1-om2o6DKxapdTMJ8l4148DvuaBmo="
    },
    "es-abstract": {
      "version": "1.18.0-next.1",
      "resolved": "https://registry.npm.taobao.org/es-abstract/download/es-abstract-1.18.0-next.1.tgz",
      "integrity": "sha1-bjoKS9pxflAjqzuOkL7DYQjSLGg=",
      "requires": {
        "es-to-primitive": "^1.2.1",
        "function-bind": "^1.1.1",
        "has": "^1.0.3",
        "has-symbols": "^1.0.1",
        "is-callable": "^1.2.2",
        "is-negative-zero": "^2.0.0",
        "is-regex": "^1.1.1",
        "object-inspect": "^1.8.0",
        "object-keys": "^1.1.1",
        "object.assign": "^4.1.1",
        "string.prototype.trimend": "^1.0.1",
        "string.prototype.trimstart": "^1.0.1"
      }
    },
    "es-to-primitive": {
      "version": "1.2.1",
      "resolved": "https://registry.npm.taobao.org/es-to-primitive/download/es-to-primitive-1.2.1.tgz",
      "integrity": "sha1-5VzUyc3BiLzvsDs2bHNjI/xciYo=",
      "requires": {
        "is-callable": "^1.1.4",
        "is-date-object": "^1.0.1",
        "is-symbol": "^1.0.2"
      }
    },
    "eslint-plugin-jsx-a11y": {
      "version": "6.4.1",
      "resolved": "https://registry.npm.taobao.org/eslint-plugin-jsx-a11y/download/eslint-plugin-jsx-a11y-6.4.1.tgz?cache=0&sync_timestamp=1603729216395&other_urls=https%3A%2F%2Fregistry.npm.taobao.org%2Feslint-plugin-jsx-a11y%2Fdownload%2Feslint-plugin-jsx-a11y-6.4.1.tgz",
      "integrity": "sha1-othMqkl1aUL0Lx/6uQAkNjkXGP0=",
      "requires": {
        "@babel/runtime": "^7.11.2",
        "aria-query": "^4.2.2",
        "array-includes": "^3.1.1",
        "ast-types-flow": "^0.0.7",
        "axe-core": "^4.0.2",
        "axobject-query": "^2.2.0",
        "damerau-levenshtein": "^1.0.6",
        "emoji-regex": "^9.0.0",
        "has": "^1.0.3",
        "jsx-ast-utils": "^3.1.0",
        "language-tags": "^1.0.5"
      }
    },
    "eslint-plugin-react": {
      "version": "7.21.5",
      "resolved": "https://registry.npm.taobao.org/eslint-plugin-react/download/eslint-plugin-react-7.21.5.tgz?cache=0&sync_timestamp=1603161637639&other_urls=https%3A%2F%2Fregistry.npm.taobao.org%2Feslint-plugin-react%2Fdownload%2Feslint-plugin-react-7.21.5.tgz",
      "integrity": "sha1-ULIaQSuVdL/gWyHbF26LezsVv/M=",
      "requires": {
        "array-includes": "^3.1.1",
        "array.prototype.flatmap": "^1.2.3",
        "doctrine": "^2.1.0",
        "has": "^1.0.3",
        "jsx-ast-utils": "^2.4.1 || ^3.0.0",
        "object.entries": "^1.1.2",
        "object.fromentries": "^2.0.2",
        "object.values": "^1.1.1",
        "prop-types": "^15.7.2",
        "resolve": "^1.18.1",
        "string.prototype.matchall": "^4.0.2"
      }
    },
    "eslint-plugin-react-hooks": {
      "version": "4.2.0",
      "resolved": "https://registry.npm.taobao.org/eslint-plugin-react-hooks/download/eslint-plugin-react-hooks-4.2.0.tgz?cache=0&sync_timestamp=1603366955446&other_urls=https%3A%2F%2Fregistry.npm.taobao.org%2Feslint-plugin-react-hooks%2Fdownload%2Feslint-plugin-react-hooks-4.2.0.tgz",
      "integrity": "sha1-jCKcJo1GiVYzTJQ7tF/IYCgPVVY="
    },
    "esutils": {
      "version": "2.0.3",
      "resolved": "https://registry.npm.taobao.org/esutils/download/esutils-2.0.3.tgz",
      "integrity": "sha1-dNLrTeC42hKTcRkQ1Qd1ubcQ72Q="
    },
    "function-bind": {
      "version": "1.1.1",
      "resolved": "https://registry.npm.taobao.org/function-bind/download/function-bind-1.1.1.tgz",
      "integrity": "sha1-pWiZ0+o8m6uHS7l3O3xe3pL0iV0="
    },
    "get-intrinsic": {
      "version": "1.0.1",
      "resolved": "https://registry.npm.taobao.org/get-intrinsic/download/get-intrinsic-1.0.1.tgz?cache=0&sync_timestamp=1604120551861&other_urls=https%3A%2F%2Fregistry.npm.taobao.org%2Fget-intrinsic%2Fdownload%2Fget-intrinsic-1.0.1.tgz",
      "integrity": "sha1-lKl2j8vdBZWhySc6rPTInQdWMb4=",
      "requires": {
        "function-bind": "^1.1.1",
        "has": "^1.0.3",
        "has-symbols": "^1.0.1"
      }
    },
    "has": {
      "version": "1.0.3",
      "resolved": "https://registry.npm.taobao.org/has/download/has-1.0.3.tgz",
      "integrity": "sha1-ci18v8H2qoJB8W3YFOAR4fQeh5Y=",
      "requires": {
        "function-bind": "^1.1.1"
      }
    },
    "has-symbols": {
      "version": "1.0.1",
      "resolved": "https://registry.npm.taobao.org/has-symbols/download/has-symbols-1.0.1.tgz?cache=0&sync_timestamp=1573950719586&other_urls=https%3A%2F%2Fregistry.npm.taobao.org%2Fhas-symbols%2Fdownload%2Fhas-symbols-1.0.1.tgz",
      "integrity": "sha1-n1IUdYpEGWxAbZvXbOv4HsLdMeg="
    },
    "internal-slot": {
      "version": "1.0.2",
      "resolved": "https://registry.npm.taobao.org/internal-slot/download/internal-slot-1.0.2.tgz",
      "integrity": "sha1-nC6fs82OXkJWxvRf4xAGf8+jeKM=",
      "requires": {
        "es-abstract": "^1.17.0-next.1",
        "has": "^1.0.3",
        "side-channel": "^1.0.2"
      },
      "dependencies": {
        "es-abstract": {
          "version": "1.17.7",
          "resolved": "https://registry.npm.taobao.org/es-abstract/download/es-abstract-1.17.7.tgz",
          "integrity": "sha1-pN5hsvZpifx0IWdsHLl4dXOs5Uw=",
          "requires": {
            "es-to-primitive": "^1.2.1",
            "function-bind": "^1.1.1",
            "has": "^1.0.3",
            "has-symbols": "^1.0.1",
            "is-callable": "^1.2.2",
            "is-regex": "^1.1.1",
            "object-inspect": "^1.8.0",
            "object-keys": "^1.1.1",
            "object.assign": "^4.1.1",
            "string.prototype.trimend": "^1.0.1",
            "string.prototype.trimstart": "^1.0.1"
          }
        }
      }
    },
    "is-callable": {
      "version": "1.2.2",
      "resolved": "https://registry.npm.taobao.org/is-callable/download/is-callable-1.2.2.tgz?cache=0&sync_timestamp=1600719276620&other_urls=https%3A%2F%2Fregistry.npm.taobao.org%2Fis-callable%2Fdownload%2Fis-callable-1.2.2.tgz",
      "integrity": "sha1-x8ZxXNItTdtI0+GZcCI6zquwgNk="
    },
    "is-core-module": {
      "version": "2.2.0",
      "resolved": "https://registry.npm.taobao.org/is-core-module/download/is-core-module-2.2.0.tgz?cache=0&sync_timestamp=1606411622542&other_urls=https%3A%2F%2Fregistry.npm.taobao.org%2Fis-core-module%2Fdownload%2Fis-core-module-2.2.0.tgz",
      "integrity": "sha1-lwN+89UiJNhRY/VZeytj2a/tmBo=",
      "requires": {
        "has": "^1.0.3"
      }
    },
    "is-date-object": {
      "version": "1.0.2",
      "resolved": "https://registry.npm.taobao.org/is-date-object/download/is-date-object-1.0.2.tgz?cache=0&other_urls=https%3A%2F%2Fregistry.npm.taobao.org%2Fis-date-object%2Fdownload%2Fis-date-object-1.0.2.tgz",
      "integrity": "sha1-vac28s2P0G0yhE53Q7+nSUw7/X4="
    },
    "is-negative-zero": {
      "version": "2.0.0",
      "resolved": "https://registry.npm.taobao.org/is-negative-zero/download/is-negative-zero-2.0.0.tgz",
      "integrity": "sha1-lVOxIbD6wohp2p7UWeIMdUN4hGE="
    },
    "is-regex": {
      "version": "1.1.1",
      "resolved": "https://registry.npm.taobao.org/is-regex/download/is-regex-1.1.1.tgz?cache=0&sync_timestamp=1596555593794&other_urls=https%3A%2F%2Fregistry.npm.taobao.org%2Fis-regex%2Fdownload%2Fis-regex-1.1.1.tgz",
      "integrity": "sha1-xvmKrMVG9s7FRooHt7FTq1ZKV7k=",
      "requires": {
        "has-symbols": "^1.0.1"
      }
    },
    "is-string": {
      "version": "1.0.5",
      "resolved": "https://registry.npm.taobao.org/is-string/download/is-string-1.0.5.tgz?cache=0&sync_timestamp=1576731545458&other_urls=https%3A%2F%2Fregistry.npm.taobao.org%2Fis-string%2Fdownload%2Fis-string-1.0.5.tgz",
      "integrity": "sha1-QEk+0ZjvP/R3uMf5L2ROyCpc06Y="
    },
    "is-symbol": {
      "version": "1.0.3",
      "resolved": "https://registry.npm.taobao.org/is-symbol/download/is-symbol-1.0.3.tgz",
      "integrity": "sha1-OOEBS55jKb4N6dJKQU/XRB7GGTc=",
      "requires": {
        "has-symbols": "^1.0.1"
      }
    },
    "js-tokens": {
      "version": "4.0.0",
      "resolved": "https://registry.npm.taobao.org/js-tokens/download/js-tokens-4.0.0.tgz",
      "integrity": "sha1-GSA/tZmR35jjoocFDUZHzerzJJk="
    },
    "jsx-ast-utils": {
      "version": "3.1.0",
      "resolved": "https://registry.npm.taobao.org/jsx-ast-utils/download/jsx-ast-utils-3.1.0.tgz?cache=0&sync_timestamp=1602640109804&other_urls=https%3A%2F%2Fregistry.npm.taobao.org%2Fjsx-ast-utils%2Fdownload%2Fjsx-ast-utils-3.1.0.tgz",
      "integrity": "sha1-ZC8de4iqbX652PIhDhZkeERPqJE=",
      "requires": {
        "array-includes": "^3.1.1",
        "object.assign": "^4.1.1"
      }
    },
    "language-subtag-registry": {
      "version": "0.3.21",
      "resolved": "https://registry.npm.taobao.org/language-subtag-registry/download/language-subtag-registry-0.3.21.tgz?cache=0&sync_timestamp=1603783074242&other_urls=https%3A%2F%2Fregistry.npm.taobao.org%2Flanguage-subtag-registry%2Fdownload%2Flanguage-subtag-registry-0.3.21.tgz",
      "integrity": "sha1-BKwhi+pG8EywOQhGAsbanniN1Fo="
    },
    "language-tags": {
      "version": "1.0.5",
      "resolved": "https://registry.npm.taobao.org/language-tags/download/language-tags-1.0.5.tgz",
      "integrity": "sha1-0yHbxNowuovzAk4ED6XBRmH5GTo=",
      "requires": {
        "language-subtag-registry": "~0.3.2"
      }
    },
    "loose-envify": {
      "version": "1.4.0",
      "resolved": "https://registry.npm.taobao.org/loose-envify/download/loose-envify-1.4.0.tgz",
      "integrity": "sha1-ce5R+nvkyuwaY4OffmgtgTLTDK8=",
      "requires": {
        "js-tokens": "^3.0.0 || ^4.0.0"
      }
    },
    "object-assign": {
      "version": "4.1.1",
      "resolved": "https://registry.npm.taobao.org/object-assign/download/object-assign-4.1.1.tgz",
      "integrity": "sha1-IQmtx5ZYh8/AXLvUQsrIv7s2CGM="
    },
    "object-inspect": {
      "version": "1.8.0",
      "resolved": "https://registry.npm.taobao.org/object-inspect/download/object-inspect-1.8.0.tgz",
      "integrity": "sha1-34B+Xs9TpgnMa/6T6sPMe+WzqdA="
    },
    "object-keys": {
      "version": "1.1.1",
      "resolved": "https://registry.npm.taobao.org/object-keys/download/object-keys-1.1.1.tgz",
      "integrity": "sha1-HEfyct8nfzsdrwYWd9nILiMixg4="
    },
    "object.assign": {
      "version": "4.1.2",
      "resolved": "https://registry.npm.taobao.org/object.assign/download/object.assign-4.1.2.tgz?cache=0&sync_timestamp=1604115131746&other_urls=https%3A%2F%2Fregistry.npm.taobao.org%2Fobject.assign%2Fdownload%2Fobject.assign-4.1.2.tgz",
      "integrity": "sha1-DtVKNC7Os3s4/3brgxoOeIy2OUA=",
      "requires": {
        "call-bind": "^1.0.0",
        "define-properties": "^1.1.3",
        "has-symbols": "^1.0.1",
        "object-keys": "^1.1.1"
      }
    },
    "object.entries": {
      "version": "1.1.3",
      "resolved": "https://registry.npm.taobao.org/object.entries/download/object.entries-1.1.3.tgz?cache=0&sync_timestamp=1606429830531&other_urls=https%3A%2F%2Fregistry.npm.taobao.org%2Fobject.entries%2Fdownload%2Fobject.entries-1.1.3.tgz",
      "integrity": "sha1-xgHH8Wi2I3RUGgfdvT4tXk93EaY=",
      "requires": {
        "call-bind": "^1.0.0",
        "define-properties": "^1.1.3",
        "es-abstract": "^1.18.0-next.1",
        "has": "^1.0.3"
      }
    },
    "object.fromentries": {
      "version": "2.0.3",
      "resolved": "https://registry.npm.taobao.org/object.fromentries/download/object.fromentries-2.0.3.tgz?cache=0&sync_timestamp=1606460167037&other_urls=https%3A%2F%2Fregistry.npm.taobao.org%2Fobject.fromentries%2Fdownload%2Fobject.fromentries-2.0.3.tgz",
      "integrity": "sha1-E878/6cC3Gd1AxSjMF6Ms/rR0HI=",
      "requires": {
        "call-bind": "^1.0.0",
        "define-properties": "^1.1.3",
        "es-abstract": "^1.18.0-next.1",
        "has": "^1.0.3"
      }
    },
    "object.values": {
      "version": "1.1.2",
      "resolved": "https://registry.npm.taobao.org/object.values/download/object.values-1.1.2.tgz?cache=0&sync_timestamp=1606430068369&other_urls=https%3A%2F%2Fregistry.npm.taobao.org%2Fobject.values%2Fdownload%2Fobject.values-1.1.2.tgz",
      "integrity": "sha1-eiAV4G/LD1Rr1lJIbOhYOkcxxzE=",
      "requires": {
        "call-bind": "^1.0.0",
        "define-properties": "^1.1.3",
        "es-abstract": "^1.18.0-next.1",
        "has": "^1.0.3"
      }
    },
    "path-parse": {
      "version": "1.0.6",
      "resolved": "https://registry.npm.taobao.org/path-parse/download/path-parse-1.0.6.tgz",
      "integrity": "sha1-1i27VnlAXXLEc37FhgDp3c8G0kw="
    },
    "prop-types": {
      "version": "15.7.2",
      "resolved": "https://registry.npm.taobao.org/prop-types/download/prop-types-15.7.2.tgz?cache=0&sync_timestamp=1580303049679&other_urls=https%3A%2F%2Fregistry.npm.taobao.org%2Fprop-types%2Fdownload%2Fprop-types-15.7.2.tgz",
      "integrity": "sha1-UsQedbjIfnK52TYOAga5ncv/psU=",
      "requires": {
        "loose-envify": "^1.4.0",
        "object-assign": "^4.1.1",
        "react-is": "^16.8.1"
      }
    },
    "react-is": {
      "version": "16.13.1",
      "resolved": "https://registry.npm.taobao.org/react-is/download/react-is-16.13.1.tgz?cache=0&sync_timestamp=1603367632728&other_urls=https%3A%2F%2Fregistry.npm.taobao.org%2Freact-is%2Fdownload%2Freact-is-16.13.1.tgz",
      "integrity": "sha1-eJcppNw23imZ3BVt1sHZwYzqVqQ="
    },
    "regenerator-runtime": {
      "version": "0.13.7",
      "resolved": "https://registry.npm.taobao.org/regenerator-runtime/download/regenerator-runtime-0.13.7.tgz",
      "integrity": "sha1-ysLazIoepnX+qrrriugziYrkb1U="
    },
    "regexp.prototype.flags": {
      "version": "1.3.0",
      "resolved": "https://registry.npm.taobao.org/regexp.prototype.flags/download/regexp.prototype.flags-1.3.0.tgz",
      "integrity": "sha1-erqJs8E6ZFCdq888qNn7ub31y3U=",
      "requires": {
        "define-properties": "^1.1.3",
        "es-abstract": "^1.17.0-next.1"
      },
      "dependencies": {
        "es-abstract": {
          "version": "1.17.7",
          "resolved": "https://registry.npm.taobao.org/es-abstract/download/es-abstract-1.17.7.tgz",
          "integrity": "sha1-pN5hsvZpifx0IWdsHLl4dXOs5Uw=",
          "requires": {
            "es-to-primitive": "^1.2.1",
            "function-bind": "^1.1.1",
            "has": "^1.0.3",
            "has-symbols": "^1.0.1",
            "is-callable": "^1.2.2",
            "is-regex": "^1.1.1",
            "object-inspect": "^1.8.0",
            "object-keys": "^1.1.1",
            "object.assign": "^4.1.1",
            "string.prototype.trimend": "^1.0.1",
            "string.prototype.trimstart": "^1.0.1"
          }
        }
      }
    },
    "resolve": {
      "version": "1.19.0",
      "resolved": "https://registry.npm.taobao.org/resolve/download/resolve-1.19.0.tgz?cache=0&sync_timestamp=1605052120709&other_urls=https%3A%2F%2Fregistry.npm.taobao.org%2Fresolve%2Fdownload%2Fresolve-1.19.0.tgz",
      "integrity": "sha1-GvW/YwQJc0oGfK4pMYqsf6KaJnw=",
      "requires": {
        "is-core-module": "^2.1.0",
        "path-parse": "^1.0.6"
      }
    },
    "side-channel": {
      "version": "1.0.3",
      "resolved": "https://registry.npm.taobao.org/side-channel/download/side-channel-1.0.3.tgz",
      "integrity": "sha1-zcRrBXVQu6tjcGIQg4311MGVGcM=",
      "requires": {
        "es-abstract": "^1.18.0-next.0",
        "object-inspect": "^1.8.0"
      }
    },
    "string.prototype.matchall": {
      "version": "4.0.3",
      "resolved": "https://registry.npm.taobao.org/string.prototype.matchall/download/string.prototype.matchall-4.0.3.tgz?cache=0&sync_timestamp=1605855710746&other_urls=https%3A%2F%2Fregistry.npm.taobao.org%2Fstring.prototype.matchall%2Fdownload%2Fstring.prototype.matchall-4.0.3.tgz",
      "integrity": "sha1-JCQzmbwxsKSdGeK3QXGhVlPsmWo=",
      "requires": {
        "call-bind": "^1.0.0",
        "define-properties": "^1.1.3",
        "es-abstract": "^1.18.0-next.1",
        "has-symbols": "^1.0.1",
        "internal-slot": "^1.0.2",
        "regexp.prototype.flags": "^1.3.0",
        "side-channel": "^1.0.3"
      }
    },
    "string.prototype.trimend": {
      "version": "1.0.3",
      "resolved": "https://registry.npm.taobao.org/string.prototype.trimend/download/string.prototype.trimend-1.0.3.tgz?cache=0&sync_timestamp=1606008037895&other_urls=https%3A%2F%2Fregistry.npm.taobao.org%2Fstring.prototype.trimend%2Fdownload%2Fstring.prototype.trimend-1.0.3.tgz",
      "integrity": "sha1-oivVPMpcfPRNfJ1ccyEYhz1s0Ys=",
      "requires": {
        "call-bind": "^1.0.0",
        "define-properties": "^1.1.3"
      }
    },
    "string.prototype.trimstart": {
      "version": "1.0.3",
      "resolved": "https://registry.npm.taobao.org/string.prototype.trimstart/download/string.prototype.trimstart-1.0.3.tgz?cache=0&sync_timestamp=1606008038634&other_urls=https%3A%2F%2Fregistry.npm.taobao.org%2Fstring.prototype.trimstart%2Fdownload%2Fstring.prototype.trimstart-1.0.3.tgz",
      "integrity": "sha1-m0y1kOEjuzZWRAHVmCQpjeUP1ao=",
      "requires": {
        "call-bind": "^1.0.0",
        "define-properties": "^1.1.3"
      }
    }
  }
}
